
Microsoft Visual Studio Solution File, Format Version 12.00
# Visual Studio Version 16
VisualStudioVersion = 16.0.32901.82
MinimumVisualStudioVersion = 10.0.40219.1
Project("{8BC9CEB8-8B4A-11D0-8D11-00A0C91BC942}") = "DX11Project", "DX11Project\DX11Project.vcxproj", "{F5F5354F-E9AE-4CCB-BABD-8CA00D64CE7F}"
EndProject
Global
	GlobalSection(SolutionConfigurationPlatforms) = preSolution
		Debug|x64 = Debug|x64
		Debug|x86 = Debug|x86
		Release|x64 = Release|x64
		Release|x86 = Release|x86
	EndGlobalSection
	GlobalSection(ProjectConfigurationPlatforms) = postSolution
		{F5F5354F-E9AE-4CCB-BABD-8CA00D64CE7F}.Debug|x64.ActiveCfg = Debug|x64
		{F5F5354F-E9AE-4CCB-BABD-8CA00D64CE7F}.Debug|x64.Build.0 = Debug|x64
		{F5F5354F-E9AE-4CCB-BABD-8CA00D64CE7F}.Debug|x86.ActiveCfg = Debug|Win32
		{F5F5354F-E9AE-4CCB-BABD-8CA00D64CE7F}.Debug|x86.Build.0 = Debug|Win32
		{F5F5354F-E9AE-4CCB-BABD-8CA00D64CE7F}.Release|x64.ActiveCfg = Release|x64
		{F5F5354F-E9AE-4CCB-BABD-8CA00D64CE7F}.Release|x64.Build.0 = Release|x64
		{F5F5354F-E9AE-4CCB-BABD-8CA00D64CE7F}.Release|x86.ActiveCfg = Release|Win32
		{F5F5354F-E9AE-4CCB-BABD-8CA00D64CE7F}.Release|x86.Build.0 = Release|Win32
	EndGlobalSection
	GlobalSection(SolutionProperties) = preSolution
		HideSolutionNode = FALSE
	EndGlobalSection
	GlobalSection(ExtensibilityGlobals) = postSolution
		SolutionGuid = {ED534BA2-E08E-4C55-A1B9-10E98DF48661}
	EndGlobalSection
EndGlobal
